
Microsoft Visual Studio Solution File, Format Version 12.00
# Visual Studio 15
Project("{FAE04EC0-301F-11D3-BF4B-00C04F79EFBC}") = "WarGameProj", "WarGameProj.csproj", "{B1DD171D-A1D8-4E3D-94F5-DF4830636EE8}"
EndProject
Global
	GlobalSection(SolutionConfigurationPlatforms) = preSolution
		Debug|anycpu = Debug|anycpu
		Release|anycpu = Release|anycpu
	EndGlobalSection
	GlobalSection(ProjectConfigurationPlatforms) = postSolution
		{B1DD171D-A1D8-4E3D-94F5-DF4830636EE8}.Debug|anycpu.ActiveCfg = Debug|anycpu
		{B1DD171D-A1D8-4E3D-94F5-DF4830636EE8}.Debug|anycpu.Build.0 = Debug|anycpu
		{B1DD171D-A1D8-4E3D-94F5-DF4830636EE8}.Release|anycpu.ActiveCfg = Release|anycpu
		{B1DD171D-A1D8-4E3D-94F5-DF4830636EE8}.Release|anycpu.Build.0 = Release|anycpu
	EndGlobalSection
EndGlobal
